
Microsoft Visual Studio Solution File, Format Version 12.00
# Visual Studio Version 17
VisualStudioVersion = 17.4.33213.308
MinimumVisualStudioVersion = 10.0.40219.1
Project("{FAE04EC0-301F-11D3-BF4B-00C04F79EFBC}") = "Week1MVC", "Week1MVC.csproj", "{9170F0D9-39B5-4DC2-956F-84147973A3EF}"
EndProject
Global
	GlobalSection(SolutionConfigurationPlatforms) = preSolution
		Debug|Any CPU = Debug|Any CPU
		Release|Any CPU = Release|Any CPU
	EndGlobalSection
	GlobalSection(ProjectConfigurationPlatforms) = postSolution
		{9170F0D9-39B5-4DC2-956F-84147973A3EF}.Debug|Any CPU.ActiveCfg = Debug|Any CPU
		{9170F0D9-39B5-4DC2-956F-84147973A3EF}.Debug|Any CPU.Build.0 = Debug|Any CPU
		{9170F0D9-39B5-4DC2-956F-84147973A3EF}.Release|Any CPU.ActiveCfg = Release|Any CPU
		{9170F0D9-39B5-4DC2-956F-84147973A3EF}.Release|Any CPU.Build.0 = Release|Any CPU
	EndGlobalSection
	GlobalSection(SolutionProperties) = preSolution
		HideSolutionNode = FALSE
	EndGlobalSection
	GlobalSection(ExtensibilityGlobals) = postSolution
		SolutionGuid = {089571A8-3706-4EA8-ABC0-B932118B1346}
	EndGlobalSection
EndGlobal
